// !$*UTF8*$!
{
	archiveVersion = 1;
	classes = {
	};
	objectVersion = 56;
	objects = {

/* Begin PBXBuildFile section */
		359D011029138B0B00DC2EB8 /* AppDelegate.swift in Sources */ = {isa = PBXBuildFile; fileRef = 359D010F29138B0B00DC2EB8 /* AppDelegate.swift */; };
		359D011229138B0B00DC2EB8 /* SceneDelegate.swift in Sources */ = {isa = PBXBuildFile; fileRef = 359D011129138B0B00DC2EB8 /* SceneDelegate.swift */; };
		359D011429138B0B00DC2EB8 /* ViewController.swift in Sources */ = {isa = PBXBuildFile; fileRef = 359D011329138B0B00DC2EB8 /* ViewController.swift */; };
		359D011729138B0B00DC2EB8 /* Main.storyboard in Resources */ = {isa = PBXBuildFile; fileRef = 359D011529138B0B00DC2EB8 /* Main.storyboard */; };
		359D011929138B0C00DC2EB8 /* Assets.xcassets in Resources */ = {isa = PBXBuildFile; fileRef = 359D011829138B0C00DC2EB8 /* Assets.xcassets */; };
		359D011C29138B0C00DC2EB8 /* LaunchScreen.storyboard in Resources */ = {isa = PBXBuildFile; fileRef = 359D011A29138B0C00DC2EB8 /* LaunchScreen.storyboard */; };
		359D012A29138BAE00DC2EB8 /* EditingViewController.swift in Sources */ = {isa = PBXBuildFile; fileRef = 359D012529138BAE00DC2EB8 /* EditingViewController.swift */; };
		359D012B29138BAE00DC2EB8 /* CanvasContainerView.swift in Sources */ = {isa = PBXBuildFile; fileRef = 359D012729138BAE00DC2EB8 /* CanvasContainerView.swift */; };
		359D012C29138BAE00DC2EB8 /* RenderingCanvas.swift in Sources */ = {isa = PBXBuildFile; fileRef = 359D012829138BAE00DC2EB8 /* RenderingCanvas.swift */; };
		359D012F29138C5300DC2EB8 /* UIImage+VIImage.swift in Sources */ = {isa = PBXBuildFile; fileRef = 359D012E29138C5300DC2EB8 /* UIImage+VIImage.swift */; };
		359D015529138CB000DC2EB8 /* RenderingResources.swift in Sources */ = {isa = PBXBuildFile; fileRef = 359D013529138CAF00DC2EB8 /* RenderingResources.swift */; };
		359D015E29138CB000DC2EB8 /* BasicDrawer.swift in Sources */ = {isa = PBXBuildFile; fileRef = 359D014429138CB000DC2EB8 /* BasicDrawer.swift */; };
		359D015F29138CB000DC2EB8 /* BasicDrawer.metal in Sources */ = {isa = PBXBuildFile; fileRef = 359D014529138CB000DC2EB8 /* BasicDrawer.metal */; };
		84E96BEC2B7CBFE6007FF5C6 /* cat.jpg in Resources */ = {isa = PBXBuildFile; fileRef = 84E96BEB2B7CBFE6007FF5C6 /* cat.jpg */; };
		84E96BEE2B7CC016007FF5C6 /* dog.jpg in Resources */ = {isa = PBXBuildFile; fileRef = 84E96BED2B7CC016007FF5C6 /* dog.jpg */; };
		84E96BF12B7CD2AE007FF5C6 /* landscape.jpg in Resources */ = {isa = PBXBuildFile; fileRef = 84E96BEF2B7CD2AE007FF5C6 /* landscape.jpg */; };
		84E96BF22B7CD2AE007FF5C6 /* portrait.jpg in Resources */ = {isa = PBXBuildFile; fileRef = 84E96BF02B7CD2AE007FF5C6 /* portrait.jpg */; };
/* End PBXBuildFile section */

/* Begin PBXFileReference section */
		359D010C29138B0B00DC2EB8 /* SimpleMetalProject.app */ = {isa = PBXFileReference; explicitFileType = wrapper.application; includeInIndex = 0; path = SimpleMetalProject.app; sourceTree = BUILT_PRODUCTS_DIR; };
		359D010F29138B0B00DC2EB8 /* AppDelegate.swift */ = {isa = PBXFileReference; lastKnownFileType = sourcecode.swift; path = AppDelegate.swift; sourceTree = "<group>"; };
		359D011129138B0B00DC2EB8 /* SceneDelegate.swift */ = {isa = PBXFileReference; lastKnownFileType = sourcecode.swift; path = SceneDelegate.swift; sourceTree = "<group>"; };
		359D011329138B0B00DC2EB8 /* ViewController.swift */ = {isa = PBXFileReference; lastKnownFileType = sourcecode.swift; path = ViewController.swift; sourceTree = "<group>"; };
		359D011629138B0B00DC2EB8 /* Base */ = {isa = PBXFileReference; lastKnownFileType = file.storyboard; name = Base; path = Base.lproj/Main.storyboard; sourceTree = "<group>"; };
		359D011829138B0C00DC2EB8 /* Assets.xcassets */ = {isa = PBXFileReference; lastKnownFileType = folder.assetcatalog; path = Assets.xcassets; sourceTree = "<group>"; };
		359D011B29138B0C00DC2EB8 /* Base */ = {isa = PBXFileReference; lastKnownFileType = file.storyboard; name = Base; path = Base.lproj/LaunchScreen.storyboard; sourceTree = "<group>"; };
		359D011D29138B0C00DC2EB8 /* Info.plist */ = {isa = PBXFileReference; lastKnownFileType = text.plist.xml; path = Info.plist; sourceTree = "<group>"; };
		359D012529138BAE00DC2EB8 /* EditingViewController.swift */ = {isa = PBXFileReference; fileEncoding = 4; lastKnownFileType = sourcecode.swift; path = EditingViewController.swift; sourceTree = "<group>"; };
		359D012729138BAE00DC2EB8 /* CanvasContainerView.swift */ = {isa = PBXFileReference; fileEncoding = 4; lastKnownFileType = sourcecode.swift; path = CanvasContainerView.swift; sourceTree = "<group>"; };
		359D012829138BAE00DC2EB8 /* RenderingCanvas.swift */ = {isa = PBXFileReference; fileEncoding = 4; lastKnownFileType = sourcecode.swift; path = RenderingCanvas.swift; sourceTree = "<group>"; };
		359D012E29138C5300DC2EB8 /* UIImage+VIImage.swift */ = {isa = PBXFileReference; fileEncoding = 4; lastKnownFileType = sourcecode.swift; path = "UIImage+VIImage.swift"; sourceTree = "<group>"; };
		359D013529138CAF00DC2EB8 /* RenderingResources.swift */ = {isa = PBXFileReference; fileEncoding = 4; lastKnownFileType = sourcecode.swift; path = RenderingResources.swift; sourceTree = "<group>"; };
		359D014429138CB000DC2EB8 /* BasicDrawer.swift */ = {isa = PBXFileReference; fileEncoding = 4; lastKnownFileType = sourcecode.swift; path = BasicDrawer.swift; sourceTree = "<group>"; };
		359D014529138CB000DC2EB8 /* BasicDrawer.metal */ = {isa = PBXFileReference; fileEncoding = 4; lastKnownFileType = sourcecode.metal; path = BasicDrawer.metal; sourceTree = "<group>"; };
		84E96BEB2B7CBFE6007FF5C6 /* cat.jpg */ = {isa = PBXFileReference; lastKnownFileType = image.jpeg; path = cat.jpg; sourceTree = "<group>"; };
		84E96BED2B7CC016007FF5C6 /* dog.jpg */ = {isa = PBXFileReference; lastKnownFileType = image.jpeg; path = dog.jpg; sourceTree = "<group>"; };
		84E96BEF2B7CD2AE007FF5C6 /* landscape.jpg */ = {isa = PBXFileReference; lastKnownFileType = image.jpeg; path = landscape.jpg; sourceTree = "<group>"; };
		84E96BF02B7CD2AE007FF5C6 /* portrait.jpg */ = {isa = PBXFileReference; lastKnownFileType = image.jpeg; path = portrait.jpg; sourceTree = "<group>"; };
/* End PBXFileReference section */

/* Begin PBXFrameworksBuildPhase section */
		359D010929138B0B00DC2EB8 /* Frameworks */ = {
			isa = PBXFrameworksBuildPhase;
			buildActionMask = 2147483647;
			files = (
			);
			runOnlyForDeploymentPostprocessing = 0;
		};
/* End PBXFrameworksBuildPhase section */

/* Begin PBXGroup section */
		359D010329138B0B00DC2EB8 = {
			isa = PBXGroup;
			children = (
				359D010E29138B0B00DC2EB8 /* SimpleMetalProject */,
				359D010D29138B0B00DC2EB8 /* Products */,
			);
			sourceTree = "<group>";
		};
		359D010D29138B0B00DC2EB8 /* Products */ = {
			isa = PBXGroup;
			children = (
				359D010C29138B0B00DC2EB8 /* SimpleMetalProject.app */,
			);
			name = Products;
			sourceTree = "<group>";
		};
		359D010E29138B0B00DC2EB8 /* SimpleMetalProject */ = {
			isa = PBXGroup;
			children = (
				359D012D29138C5300DC2EB8 /* Categories */,
				359D013029138CAF00DC2EB8 /* MetalResources */,
				359D012329138BAE00DC2EB8 /* ViewControllers */,
				359D010F29138B0B00DC2EB8 /* AppDelegate.swift */,
				359D011129138B0B00DC2EB8 /* SceneDelegate.swift */,
				359D011529138B0B00DC2EB8 /* Main.storyboard */,
				359D011829138B0C00DC2EB8 /* Assets.xcassets */,
				359D011A29138B0C00DC2EB8 /* LaunchScreen.storyboard */,
				359D011D29138B0C00DC2EB8 /* Info.plist */,
				84E96BEA2B7CBFE6007FF5C6 /* images */,
			);
			path = SimpleMetalProject;
			sourceTree = "<group>";
		};
		359D012329138BAE00DC2EB8 /* ViewControllers */ = {
			isa = PBXGroup;
			children = (
				359D011329138B0B00DC2EB8 /* ViewController.swift */,
				359D012529138BAE00DC2EB8 /* EditingViewController.swift */,
				359D012629138BAE00DC2EB8 /* Subviews */,
			);
			path = ViewControllers;
			sourceTree = "<group>";
		};
		359D012629138BAE00DC2EB8 /* Subviews */ = {
			isa = PBXGroup;
			children = (
				359D012729138BAE00DC2EB8 /* CanvasContainerView.swift */,
				359D012829138BAE00DC2EB8 /* RenderingCanvas.swift */,
			);
			path = Subviews;
			sourceTree = "<group>";
		};
		359D012D29138C5300DC2EB8 /* Categories */ = {
			isa = PBXGroup;
			children = (
				359D012E29138C5300DC2EB8 /* UIImage+VIImage.swift */,
			);
			path = Categories;
			sourceTree = "<group>";
		};
		359D013029138CAF00DC2EB8 /* MetalResources */ = {
			isa = PBXGroup;
			children = (
				359D013529138CAF00DC2EB8 /* RenderingResources.swift */,
				359D014329138CB000DC2EB8 /* BasicDrawer */,
			);
			path = MetalResources;
			sourceTree = "<group>";
		};
		359D014329138CB000DC2EB8 /* BasicDrawer */ = {
			isa = PBXGroup;
			children = (
				359D014429138CB000DC2EB8 /* BasicDrawer.swift */,
				359D014529138CB000DC2EB8 /* BasicDrawer.metal */,
			);
			path = BasicDrawer;
			sourceTree = "<group>";
		};
		84E96BEA2B7CBFE6007FF5C6 /* images */ = {
			isa = PBXGroup;
			children = (
				84E96BED2B7CC016007FF5C6 /* dog.jpg */,
				84E96BEB2B7CBFE6007FF5C6 /* cat.jpg */,
				84E96BEF2B7CD2AE007FF5C6 /* landscape.jpg */,
				84E96BF02B7CD2AE007FF5C6 /* portrait.jpg */,
			);
			path = images;
			sourceTree = "<group>";
		};
/* End PBXGroup section */

/* Begin PBXNativeTarget section */
		359D010B29138B0B00DC2EB8 /* SimpleMetalProject */ = {
			isa = PBXNativeTarget;
			buildConfigurationList = 359D012029138B0C00DC2EB8 /* Build configuration list for PBXNativeTarget "SimpleMetalProject" */;
			buildPhases = (
				359D010829138B0B00DC2EB8 /* Sources */,
				359D010929138B0B00DC2EB8 /* Frameworks */,
				359D010A29138B0B00DC2EB8 /* Resources */,
			);
			buildRules = (
			);
			dependencies = (
			);
			name = SimpleMetalProject;
			productName = SimpleMetalProject;
			productReference = 359D010C29138B0B00DC2EB8 /* SimpleMetalProject.app */;
			productType = "com.apple.product-type.application";
		};
/* End PBXNativeTarget section */

/* Begin PBXProject section */
		359D010429138B0B00DC2EB8 /* Project object */ = {
			isa = PBXProject;
			attributes = {
				BuildIndependentTargetsInParallel = 1;
				LastSwiftUpdateCheck = 1400;
				LastUpgradeCheck = 1400;
				TargetAttributes = {
					359D010B29138B0B00DC2EB8 = {
						CreatedOnToolsVersion = 14.0;
					};
				};
			};
			buildConfigurationList = 359D010729138B0B00DC2EB8 /* Build configuration list for PBXProject "SimpleMetalProject" */;
			compatibilityVersion = "Xcode 14.0";
			developmentRegion = en;
			hasScannedForEncodings = 0;
			knownRegions = (
				en,
				Base,
			);
			mainGroup = 359D010329138B0B00DC2EB8;
			productRefGroup = 359D010D29138B0B00DC2EB8 /* Products */;
			projectDirPath = "";
			projectRoot = "";
			targets = (
				359D010B29138B0B00DC2EB8 /* SimpleMetalProject */,
			);
		};
/* End PBXProject section */

/* Begin PBXResourcesBuildPhase section */
		359D010A29138B0B00DC2EB8 /* Resources */ = {
			isa = PBXResourcesBuildPhase;
			buildActionMask = 2147483647;
			files = (
				84E96BF22B7CD2AE007FF5C6 /* portrait.jpg in Resources */,
				359D011C29138B0C00DC2EB8 /* LaunchScreen.storyboard in Resources */,
				84E96BEE2B7CC016007FF5C6 /* dog.jpg in Resources */,
				359D011929138B0C00DC2EB8 /* Assets.xcassets in Resources */,
				359D011729138B0B00DC2EB8 /* Main.storyboard in Resources */,
				84E96BEC2B7CBFE6007FF5C6 /* cat.jpg in Resources */,
				84E96BF12B7CD2AE007FF5C6 /* landscape.jpg in Resources */,
			);
			runOnlyForDeploymentPostprocessing = 0;
		};
/* End PBXResourcesBuildPhase section */

/* Begin PBXSourcesBuildPhase section */
		359D010829138B0B00DC2EB8 /* Sources */ = {
			isa = PBXSourcesBuildPhase;
			buildActionMask = 2147483647;
			files = (
				359D015529138CB000DC2EB8 /* RenderingResources.swift in Sources */,
				359D015E29138CB000DC2EB8 /* BasicDrawer.swift in Sources */,
				359D011429138B0B00DC2EB8 /* ViewController.swift in Sources */,
				359D011029138B0B00DC2EB8 /* AppDelegate.swift in Sources */,
				359D012C29138BAE00DC2EB8 /* RenderingCanvas.swift in Sources */,
				359D012A29138BAE00DC2EB8 /* EditingViewController.swift in Sources */,
				359D015F29138CB000DC2EB8 /* BasicDrawer.metal in Sources */,
				359D012F29138C5300DC2EB8 /* UIImage+VIImage.swift in Sources */,
				359D012B29138BAE00DC2EB8 /* CanvasContainerView.swift in Sources */,
				359D011229138B0B00DC2EB8 /* SceneDelegate.swift in Sources */,
			);
			runOnlyForDeploymentPostprocessing = 0;
		};
/* End PBXSourcesBuildPhase section */

/* Begin PBXVariantGroup section */
		359D011529138B0B00DC2EB8 /* Main.storyboard */ = {
			isa = PBXVariantGroup;
			children = (
				359D011629138B0B00DC2EB8 /* Base */,
			);
			name = Main.storyboard;
			sourceTree = "<group>";
		};
		359D011A29138B0C00DC2EB8 /* LaunchScreen.storyboard */ = {
			isa = PBXVariantGroup;
			children = (
				359D011B29138B0C00DC2EB8 /* Base */,
			);
			name = LaunchScreen.storyboard;
			sourceTree = "<group>";
		};
/* End PBXVariantGroup section */

/* Begin XCBuildConfiguration section */
		359D011E29138B0C00DC2EB8 /* Debug */ = {
			isa = XCBuildConfiguration;
			buildSettings = {
				ALWAYS_SEARCH_USER_PATHS = NO;
				CLANG_ANALYZER_NONNULL = YES;
				CLANG_ANALYZER_NUMBER_OBJECT_CONVERSION = YES_AGGRESSIVE;
				CLANG_CXX_LANGUAGE_STANDARD = "gnu++20";
				CLANG_ENABLE_MODULES = YES;
				CLANG_ENABLE_OBJC_ARC = YES;
				CLANG_ENABLE_OBJC_WEAK = YES;
				CLANG_WARN_BLOCK_CAPTURE_AUTORELEASING = YES;
				CLANG_WARN_BOOL_CONVERSION = YES;
				CLANG_WARN_COMMA = YES;
				CLANG_WARN_CONSTANT_CONVERSION = YES;
				CLANG_WARN_DEPRECATED_OBJC_IMPLEMENTATIONS = YES;
				CLANG_WARN_DIRECT_OBJC_ISA_USAGE = YES_ERROR;
				CLANG_WARN_DOCUMENTATION_COMMENTS = YES;
				CLANG_WARN_EMPTY_BODY = YES;
				CLANG_WARN_ENUM_CONVERSION = YES;
				CLANG_WARN_INFINITE_RECURSION = YES;
				CLANG_WARN_INT_CONVERSION = YES;
				CLANG_WARN_NON_LITERAL_NULL_CONVERSION = YES;
				CLANG_WARN_OBJC_IMPLICIT_RETAIN_SELF = YES;
				CLANG_WARN_OBJC_LITERAL_CONVERSION = YES;
				CLANG_WARN_OBJC_ROOT_CLASS = YES_ERROR;
				CLANG_WARN_QUOTED_INCLUDE_IN_FRAMEWORK_HEADER = YES;
				CLANG_WARN_RANGE_LOOP_ANALYSIS = YES;
				CLANG_WARN_STRICT_PROTOTYPES = YES;
				CLANG_WARN_SUSPICIOUS_MOVE = YES;
				CLANG_WARN_UNGUARDED_AVAILABILITY = YES_AGGRESSIVE;
				CLANG_WARN_UNREACHABLE_CODE = YES;
				CLANG_WARN__DUPLICATE_METHOD_MATCH = YES;
				COPY_PHASE_STRIP = NO;
				DEBUG_INFORMATION_FORMAT = dwarf;
				ENABLE_STRICT_OBJC_MSGSEND = YES;
				ENABLE_TESTABILITY = YES;
				GCC_C_LANGUAGE_STANDARD = gnu11;
				GCC_DYNAMIC_NO_PIC = NO;
				GCC_NO_COMMON_BLOCKS = YES;
				GCC_OPTIMIZATION_LEVEL = 0;
				GCC_PREPROCESSOR_DEFINITIONS = (
					"DEBUG=1",
					"$(inherited)",
				);
				GCC_WARN_64_TO_32_BIT_CONVERSION = YES;
				GCC_WARN_ABOUT_RETURN_TYPE = YES_ERROR;
				GCC_WARN_UNDECLARED_SELECTOR = YES;
				GCC_WARN_UNINITIALIZED_AUTOS = YES_AGGRESSIVE;
				GCC_WARN_UNUSED_FUNCTION = YES;
				GCC_WARN_UNUSED_VARIABLE = YES;
				IPHONEOS_DEPLOYMENT_TARGET = 13.6;
				MTL_ENABLE_DEBUG_INFO = INCLUDE_SOURCE;
				MTL_FAST_MATH = YES;
				ONLY_ACTIVE_ARCH = YES;
				SDKROOT = iphoneos;
				SWIFT_ACTIVE_COMPILATION_CONDITIONS = DEBUG;
				SWIFT_OPTIMIZATION_LEVEL = "-Onone";
			};
			name = Debug;
		};
		359D011F29138B0C00DC2EB8 /* Release */ = {
			isa = XCBuildConfiguration;
			buildSettings = {
				ALWAYS_SEARCH_USER_PATHS = NO;
				CLANG_ANALYZER_NONNULL = YES;
				CLANG_ANALYZER_NUMBER_OBJECT_CONVERSION = YES_AGGRESSIVE;
				CLANG_CXX_LANGUAGE_STANDARD = "gnu++20";
				CLANG_ENABLE_MODULES = YES;
				CLANG_ENABLE_OBJC_ARC = YES;
				CLANG_ENABLE_OBJC_WEAK = YES;
				CLANG_WARN_BLOCK_CAPTURE_AUTORELEASING = YES;
				CLANG_WARN_BOOL_CONVERSION = YES;
				CLANG_WARN_COMMA = YES;
				CLANG_WARN_CONSTANT_CONVERSION = YES;
				CLANG_WARN_DEPRECATED_OBJC_IMPLEMENTATIONS = YES;
				CLANG_WARN_DIRECT_OBJC_ISA_USAGE = YES_ERROR;
				CLANG_WARN_DOCUMENTATION_COMMENTS = YES;
				CLANG_WARN_EMPTY_BODY = YES;
				CLANG_WARN_ENUM_CONVERSION = YES;
				CLANG_WARN_INFINITE_RECURSION = YES;
				CLANG_WARN_INT_CONVERSION = YES;
				CLANG_WARN_NON_LITERAL_NULL_CONVERSION = YES;
				CLANG_WARN_OBJC_IMPLICIT_RETAIN_SELF = YES;
				CLANG_WARN_OBJC_LITERAL_CONVERSION = YES;
				CLANG_WARN_OBJC_ROOT_CLASS = YES_ERROR;
				CLANG_WARN_QUOTED_INCLUDE_IN_FRAMEWORK_HEADER = YES;
				CLANG_WARN_RANGE_LOOP_ANALYSIS = YES;
				CLANG_WARN_STRICT_PROTOTYPES = YES;
				CLANG_WARN_SUSPICIOUS_MOVE = YES;
				CLANG_WARN_UNGUARDED_AVAILABILITY = YES_AGGRESSIVE;
				CLANG_WARN_UNREACHABLE_CODE = YES;
				CLANG_WARN__DUPLICATE_METHOD_MATCH = YES;
				COPY_PHASE_STRIP = NO;
				DEBUG_INFORMATION_FORMAT = "dwarf-with-dsym";
				ENABLE_NS_ASSERTIONS = NO;
				ENABLE_STRICT_OBJC_MSGSEND = YES;
				GCC_C_LANGUAGE_STANDARD = gnu11;
				GCC_NO_COMMON_BLOCKS = YES;
				GCC_WARN_64_TO_32_BIT_CONVERSION = YES;
				GCC_WARN_ABOUT_RETURN_TYPE = YES_ERROR;
				GCC_WARN_UNDECLARED_SELECTOR = YES;
				GCC_WARN_UNINITIALIZED_AUTOS = YES_AGGRESSIVE;
				GCC_WARN_UNUSED_FUNCTION = YES;
				GCC_WARN_UNUSED_VARIABLE = YES;
				IPHONEOS_DEPLOYMENT_TARGET = 13.6;
				MTL_ENABLE_DEBUG_INFO = NO;
				MTL_FAST_MATH = YES;
				SDKROOT = iphoneos;
				SWIFT_COMPILATION_MODE = wholemodule;
				SWIFT_OPTIMIZATION_LEVEL = "-O";
				VALIDATE_PRODUCT = YES;
			};
			name = Release;
		};
		359D012129138B0C00DC2EB8 /* Debug */ = {
			isa = XCBuildConfiguration;
			buildSettings = {
				ASSETCATALOG_COMPILER_APPICON_NAME = AppIcon;
				ASSETCATALOG_COMPILER_GLOBAL_ACCENT_COLOR_NAME = AccentColor;
				CODE_SIGN_IDENTITY = "Apple Development";
				CODE_SIGN_STYLE = Automatic;
				CURRENT_PROJECT_VERSION = 1;
				DEVELOPMENT_TEAM = 7W6PN8LZUG;
				GENERATE_INFOPLIST_FILE = YES;
				INFOPLIST_FILE = SimpleMetalProject/Info.plist;
				INFOPLIST_KEY_UIApplicationSupportsIndirectInputEvents = YES;
				INFOPLIST_KEY_UILaunchStoryboardName = LaunchScreen;
				INFOPLIST_KEY_UIMainStoryboardFile = Main;
				INFOPLIST_KEY_UISupportedInterfaceOrientations_iPad = "UIInterfaceOrientationPortrait UIInterfaceOrientationPortraitUpsideDown UIInterfaceOrientationLandscapeLeft UIInterfaceOrientationLandscapeRight";
				INFOPLIST_KEY_UISupportedInterfaceOrientations_iPhone = "UIInterfaceOrientationPortrait UIInterfaceOrientationLandscapeLeft UIInterfaceOrientationLandscapeRight";
				LD_RUNPATH_SEARCH_PATHS = (
					"$(inherited)",
					"@executable_path/Frameworks",
				);
				MARKETING_VERSION = 1.0;
				PRODUCT_BUNDLE_IDENTIFIER = xcode.project.SimpleMetalProject;
				PRODUCT_NAME = "$(TARGET_NAME)";
				PROVISIONING_PROFILE_SPECIFIER = "";
				SWIFT_EMIT_LOC_STRINGS = YES;
				SWIFT_VERSION = 5.0;
				TARGETED_DEVICE_FAMILY = "1,2";
			};
			name = Debug;
		};
		359D012229138B0C00DC2EB8 /* Release */ = {
			isa = XCBuildConfiguration;
			buildSettings = {
				ASSETCATALOG_COMPILER_APPICON_NAME = AppIcon;
				ASSETCATALOG_COMPILER_GLOBAL_ACCENT_COLOR_NAME = AccentColor;
				CODE_SIGN_IDENTITY = "Apple Development";
				CODE_SIGN_STYLE = Automatic;
				CURRENT_PROJECT_VERSION = 1;
				DEVELOPMENT_TEAM = 7W6PN8LZUG;
				GENERATE_INFOPLIST_FILE = YES;
				INFOPLIST_FILE = SimpleMetalProject/Info.plist;
				INFOPLIST_KEY_UIApplicationSupportsIndirectInputEvents = YES;
				INFOPLIST_KEY_UILaunchStoryboardName = LaunchScreen;
				INFOPLIST_KEY_UIMainStoryboardFile = Main;
				INFOPLIST_KEY_UISupportedInterfaceOrientations_iPad = "UIInterfaceOrientationPortrait UIInterfaceOrientationPortraitUpsideDown UIInterfaceOrientationLandscapeLeft UIInterfaceOrientationLandscapeRight";
				INFOPLIST_KEY_UISupportedInterfaceOrientations_iPhone = "UIInterfaceOrientationPortrait UIInterfaceOrientationLandscapeLeft UIInterfaceOrientationLandscapeRight";
				LD_RUNPATH_SEARCH_PATHS = (
					"$(inherited)",
					"@executable_path/Frameworks",
				);
				MARKETING_VERSION = 1.0;
				PRODUCT_BUNDLE_IDENTIFIER = xcode.project.SimpleMetalProject;
				PRODUCT_NAME = "$(TARGET_NAME)";
				PROVISIONING_PROFILE_SPECIFIER = "";
				SWIFT_EMIT_LOC_STRINGS = YES;
				SWIFT_VERSION = 5.0;
				TARGETED_DEVICE_FAMILY = "1,2";
			};
			name = Release;
		};
/* End XCBuildConfiguration section */

/* Begin XCConfigurationList section */
		359D010729138B0B00DC2EB8 /* Build configuration list for PBXProject "SimpleMetalProject" */ = {
			isa = XCConfigurationList;
			buildConfigurations = (
				359D011E29138B0C00DC2EB8 /* Debug */,
				359D011F29138B0C00DC2EB8 /* Release */,
			);
			defaultConfigurationIsVisible = 0;
			defaultConfigurationName = Release;
		};
		359D012029138B0C00DC2EB8 /* Build configuration list for PBXNativeTarget "SimpleMetalProject" */ = {
			isa = XCConfigurationList;
			buildConfigurations = (
				359D012129138B0C00DC2EB8 /* Debug */,
				359D012229138B0C00DC2EB8 /* Release */,
			);
			defaultConfigurationIsVisible = 0;
			defaultConfigurationName = Release;
		};
/* End XCConfigurationList section */
	};
	rootObject = 359D010429138B0B00DC2EB8 /* Project object */;
}
